
Microsoft Visual Studio Solution File, Format Version 12.00
# Visual Studio Version 17
VisualStudioVersion = 17.6.33829.357
MinimumVisualStudioVersion = 10.0.40219.1
Project("{FAE04EC0-301F-11D3-BF4B-00C04F79EFBC}") = "CourseWorkWF", "CourseWorkWF\CourseWorkWF.csproj", "{8FA53B0E-471C-4EA3-B83A-FFDCCDCD7042}"
EndProject
Global
	GlobalSection(SolutionConfigurationPlatforms) = preSolution
		Debug|Any CPU = Debug|Any CPU
		Release|Any CPU = Release|Any CPU
	EndGlobalSection
	GlobalSection(ProjectConfigurationPlatforms) = postSolution
		{8FA53B0E-471C-4EA3-B83A-FFDCCDCD7042}.Debug|Any CPU.ActiveCfg = Debug|Any CPU
		{8FA53B0E-471C-4EA3-B83A-FFDCCDCD7042}.Debug|Any CPU.Build.0 = Debug|Any CPU
		{8FA53B0E-471C-4EA3-B83A-FFDCCDCD7042}.Release|Any CPU.ActiveCfg = Release|Any CPU
		{8FA53B0E-471C-4EA3-B83A-FFDCCDCD7042}.Release|Any CPU.Build.0 = Release|Any CPU
	EndGlobalSection
	GlobalSection(SolutionProperties) = preSolution
		HideSolutionNode = FALSE
	EndGlobalSection
	GlobalSection(ExtensibilityGlobals) = postSolution
		SolutionGuid = {F2B85EA2-90B0-4851-A920-17BCE311B958}
	EndGlobalSection
EndGlobal
